
Microsoft Visual Studio Solution File, Format Version 12.00
# Visual Studio 2017
Project("{FAE04EC0-301F-11D3-BF4B-00C04F79EFBC}") = "LightSwitch", "LightSwitch.csproj", "{0951B29B-B1AE-C2AA-431C-9F238E0BC3A5}"
EndProject
Project("{FAE04EC0-301F-11D3-BF4B-00C04F79EFBC}") = "LightSwitch.Editor", "LightSwitch.Editor.csproj", "{C88D2B61-4EA6-C066-8BC7-110AC835ADEA}"
EndProject
Global
	GlobalSection(SolutionConfigurationPlatforms) = preSolution
		Debug|Any CPU = Debug|Any CPU
		Release|Any CPU = Release|Any CPU
	EndGlobalSection
	GlobalSection(ProjectConfigurationPlatforms) = postSolution
		{0951B29B-B1AE-C2AA-431C-9F238E0BC3A5}.Debug|Any CPU.ActiveCfg = Debug|Any CPU
		{0951B29B-B1AE-C2AA-431C-9F238E0BC3A5}.Debug|Any CPU.Build.0 = Debug|Any CPU
		{0951B29B-B1AE-C2AA-431C-9F238E0BC3A5}.Release|Any CPU.ActiveCfg = Release|Any CPU
		{0951B29B-B1AE-C2AA-431C-9F238E0BC3A5}.Release|Any CPU.Build.0 = Release|Any CPU
		{C88D2B61-4EA6-C066-8BC7-110AC835ADEA}.Debug|Any CPU.ActiveCfg = Debug|Any CPU
		{C88D2B61-4EA6-C066-8BC7-110AC835ADEA}.Debug|Any CPU.Build.0 = Debug|Any CPU
		{C88D2B61-4EA6-C066-8BC7-110AC835ADEA}.Release|Any CPU.ActiveCfg = Release|Any CPU
		{C88D2B61-4EA6-C066-8BC7-110AC835ADEA}.Release|Any CPU.Build.0 = Release|Any CPU
	EndGlobalSection
	GlobalSection(SolutionProperties) = preSolution
		HideSolutionNode = FALSE
	EndGlobalSection
EndGlobal
